{
  "name": "$devtrials",
  "lockfileVersion": 3,
  "requires": true,
  "packages": {
    "": {
      "name": "$devtrials",
      "dependencies": {
        "@datastructures-js/deque": "^1.0.4",
        "@datastructures-js/heap": "^4.3.3",
        "@datastructures-js/priority-queue": "^6.3.1"
      },
      "devDependencies": {
        "@types/bun": "latest"
      },
      "peerDependencies": {
        "typescript": "^5.0.0"
      }
    },
    "node_modules/@datastructures-js/deque": {
      "version": "1.0.4",
      "resolved": "https://registry.npmjs.org/@datastructures-js/deque/-/deque-1.0.4.tgz",
      "integrity": "sha512-zlgVSsxqiAd+scLUILvx8E887o+6kYds9/d4DCM/mFOuUITUlPG/r3u5iPZjzW3o6XPPi+p66p3Kf1+wFxYvLQ=="
    },
    "node_modules/@datastructures-js/heap": {
      "version": "4.3.3",
      "resolved": "https://registry.npmjs.org/@datastructures-js/heap/-/heap-4.3.3.tgz",
      "integrity": "sha512-UcUu/DLh/aM4W3C8zZfwxxm6/6FIZUlm3mcAXuNOCa6Aj4iizNvNXQyb8DjZQH2jKSQbMRyNlngP6TPimuGjpQ=="
    },
    "node_modules/@datastructures-js/priority-queue": {
      "version": "6.3.1",
      "resolved": "https://registry.npmjs.org/@datastructures-js/priority-queue/-/priority-queue-6.3.1.tgz",
      "integrity": "sha512-eoxkWql/j0VJ0UFMFTpnyJz4KbEEVQ6aZ/JuJUgenu0Im4tYKylAycNGsYCHGXiVNEd7OKGVwfx1Ac3oYkuu7A==",
      "dependencies": {
        "@datastructures-js/heap": "^4.3.3"
      }
    },
    "node_modules/@types/bun": {
      "version": "1.0.10",
      "resolved": "https://registry.npmjs.org/@types/bun/-/bun-1.0.10.tgz",
      "integrity": "sha512-Jaz6YYAdm1u3NVlgSyEK+qGmrlLQ20sbWeEoXD64b9w6z/YKYNWlfaphu+xF2Kiy5Tpykm5Q9jIquLegwXx4ng==",
      "dev": true,
      "dependencies": {
        "bun-types": "1.0.33"
      }
    },
    "node_modules/@types/node": {
      "version": "20.11.30",
      "resolved": "https://registry.npmjs.org/@types/node/-/node-20.11.30.tgz",
      "integrity": "sha512-dHM6ZxwlmuZaRmUPfv1p+KrdD1Dci04FbdEm/9wEMouFqxYoFl5aMkt0VMAUtYRQDyYvD41WJLukhq/ha3YuTw==",
      "dev": true,
      "dependencies": {
        "undici-types": "~5.26.4"
      }
    },
    "node_modules/@types/ws": {
      "version": "8.5.10",
      "resolved": "https://registry.npmjs.org/@types/ws/-/ws-8.5.10.tgz",
      "integrity": "sha512-vmQSUcfalpIq0R9q7uTo2lXs6eGIpt9wtnLdMv9LVpIjCA/+ufZRozlVoVelIYixx1ugCBKDhn89vnsEGOCx9A==",
      "dev": true,
      "dependencies": {
        "@types/node": "*"
      }
    },
    "node_modules/bun-types": {
      "version": "1.0.33",
      "resolved": "https://registry.npmjs.org/bun-types/-/bun-types-1.0.33.tgz",
      "integrity": "sha512-L5tBIf9g6rBBkvshqysi5NoLQ9NnhSPU1pfJ9FzqoSfofYdyac3WLUnOIuQ+M5za/sooVUOP2ko+E6Tco0OLIA==",
      "dev": true,
      "dependencies": {
        "@types/node": "~20.11.3",
        "@types/ws": "~8.5.10"
      }
    },
    "node_modules/typescript": {
      "version": "5.4.2",
      "resolved": "https://registry.npmjs.org/typescript/-/typescript-5.4.2.tgz",
      "integrity": "sha512-+2/g0Fds1ERlP6JsakQQDXjZdZMM+rqpamFZJEKh4kwTIn3iDkgKtby0CeNd5ATNZ4Ry1ax15TMx0W2V+miizQ==",
      "peer": true,
      "bin": {
        "tsc": "bin/tsc",
        "tsserver": "bin/tsserver"
      },
      "engines": {
        "node": ">=14.17"
      }
    },
    "node_modules/undici-types": {
      "version": "5.26.5",
      "resolved": "https://registry.npmjs.org/undici-types/-/undici-types-5.26.5.tgz",
      "integrity": "sha512-JlCMO+ehdEIKqlFxk6IfVoAUVmgz7cU7zD/h9XZ0qzeosSHmUJVOzSQvvYSYWXkFXC+IfLKSIffhv0sVZup6pA==",
      "dev": true
    }
  }
}
